
Microsoft Visual Studio Solution File, Format Version 12.00
# Visual Studio Version 17
VisualStudioVersion = 17.7.34024.191
MinimumVisualStudioVersion = 10.0.40219.1
Project("{FAE04EC0-301F-11D3-BF4B-00C04F79EFBC}") = "ConsoleApp1", "ConsoleApp1\ConsoleApp1.csproj", "{A277B9AC-E6C1-492B-A4B9-80426572A622}"
EndProject
Global
	GlobalSection(SolutionConfigurationPlatforms) = preSolution
		Debug|Any CPU = Debug|Any CPU
		Release|Any CPU = Release|Any CPU
	EndGlobalSection
	GlobalSection(ProjectConfigurationPlatforms) = postSolution
		{A277B9AC-E6C1-492B-A4B9-80426572A622}.Debug|Any CPU.ActiveCfg = Debug|Any CPU
		{A277B9AC-E6C1-492B-A4B9-80426572A622}.Debug|Any CPU.Build.0 = Debug|Any CPU
		{A277B9AC-E6C1-492B-A4B9-80426572A622}.Release|Any CPU.ActiveCfg = Release|Any CPU
		{A277B9AC-E6C1-492B-A4B9-80426572A622}.Release|Any CPU.Build.0 = Release|Any CPU
	EndGlobalSection
	GlobalSection(SolutionProperties) = preSolution
		HideSolutionNode = FALSE
	EndGlobalSection
	GlobalSection(ExtensibilityGlobals) = postSolution
		SolutionGuid = {9BA10793-5F76-4DC6-BC42-34943D964A49}
	EndGlobalSection
EndGlobal
